
Microsoft Visual Studio Solution File, Format Version 12.00
# Visual Studio Version 16
VisualStudioVersion = 16.0.32106.194
MinimumVisualStudioVersion = 10.0.40219.1
Project("{FAE04EC0-301F-11D3-BF4B-00C04F79EFBC}") = "dotNET", "dotNET\dotNET.csproj", "{15B47204-B208-40CC-AA83-9C8986AEDFEE}"
EndProject
Global
	GlobalSection(SolutionConfigurationPlatforms) = preSolution
		Debug|Any CPU = Debug|Any CPU
		Release|Any CPU = Release|Any CPU
	EndGlobalSection
	GlobalSection(ProjectConfigurationPlatforms) = postSolution
		{15B47204-B208-40CC-AA83-9C8986AEDFEE}.Debug|Any CPU.ActiveCfg = Debug|Any CPU
		{15B47204-B208-40CC-AA83-9C8986AEDFEE}.Debug|Any CPU.Build.0 = Debug|Any CPU
		{15B47204-B208-40CC-AA83-9C8986AEDFEE}.Release|Any CPU.ActiveCfg = Release|Any CPU
		{15B47204-B208-40CC-AA83-9C8986AEDFEE}.Release|Any CPU.Build.0 = Release|Any CPU
	EndGlobalSection
	GlobalSection(SolutionProperties) = preSolution
		HideSolutionNode = FALSE
	EndGlobalSection
	GlobalSection(ExtensibilityGlobals) = postSolution
		SolutionGuid = {94745B4B-4140-4E40-BF86-23004DB200CF}
	EndGlobalSection
EndGlobal
